schema: '2.0'
stages:
  data_ingestion:
    cmd: python src/data_ingestion.py
    deps:
    - path: src/data_ingestion.py
      hash: md5
      md5: 390399840b67a5472fe2006a72368aca
      size: 3711
    params:
      params.yaml:
        data_ingestion.test_size: 0.22
    outs:
    - path: data/raw
      hash: md5
      md5: 328a488cf49b0d95e7b3440382c949d7.dir
      size: 487234
      nfiles: 2
  data_preprocessing:
    cmd: python src/data_preprocessing.py
    deps:
    - path: data/raw
      hash: md5
      md5: 328a488cf49b0d95e7b3440382c949d7.dir
      size: 487234
      nfiles: 2
    - path: src/data_preprocessing.py
      hash: md5
      md5: ae0059b79590609927f72e3c373f1865
      size: 3973
    outs:
    - path: data/interim
      hash: md5
      md5: f1189f5c337e610fa8edc986768d8635.dir
      size: 260090
      nfiles: 2
  feature_engineering:
    cmd: python src/feature_engineering.py
    deps:
    - path: data/interim
      hash: md5
      md5: f1189f5c337e610fa8edc986768d8635.dir
      size: 260090
      nfiles: 2
    - path: src/feature_engineering.py
      hash: md5
      md5: cf8448c21ab5f64a81b288de0c331814
      size: 3910
    params:
      params.yaml:
        feature_engineering.max_features: 45
    outs:
    - path: data/processed
      hash: md5
      md5: 5e8bc3d704c8b767d14f3ec13a3f4943.dir
      size: 1067058
      nfiles: 2
  model_building:
    cmd: python src/model_building.py
    deps:
    - path: data/processed
      hash: md5
      md5: 5e8bc3d704c8b767d14f3ec13a3f4943.dir
      size: 1067058
      nfiles: 2
    - path: src/model_building.py
      hash: md5
      md5: b8211d4fca24abd0f09602108ec58924
      size: 4423
    params:
      params.yaml:
        model_building.n_estimators: 20
        model_building.random_state: 2
    outs:
    - path: models/model.pkl
      hash: md5
      md5: d602d1e272ffb8d5b89ddcf6259d0216
      size: 763702
  model_evaluation:
    cmd: python src/model_evaluation.py
    deps:
    - path: models/model.pkl
      hash: md5
      md5: d602d1e272ffb8d5b89ddcf6259d0216
      size: 763702
    - path: src/model_evaluation.py
      hash: md5
      md5: 553abb63c25d201ab4732efe779df04d
      size: 4639
    outs:
    - path: reports/metrics.json
      hash: md5
      md5: 8f4424797bc2f47a5fb3fc41a8c9cf94
      size: 145
